schema: '2.0'
stages:
  make_dataset:
    cmd: python src/data/make_dataset.py
    deps:
    - path: data/external/tweet_emotions.csv
      hash: md5
      md5: 378e50a49c97277f1841a684687c2020
      size: 3768210
    - path: src/data/make_dataset.py
      hash: md5
      md5: 45983f842af23e497e3ab022c41e05c2
      size: 3554
    params:
      params.yaml:
        make_dataset.test_size: 0.3
    outs:
    - path: data/raw
      hash: md5
      md5: 03b3b604b1f92a17191a7fc947e576d6.dir
      size: 827973
      nfiles: 2
  preprocess_data:
    cmd: python src/data/preprocess_data.py
    deps:
    - path: data/raw
      hash: md5
      md5: 03b3b604b1f92a17191a7fc947e576d6.dir
      size: 827973
      nfiles: 2
    - path: src/data/preprocess_data.py
      hash: md5
      md5: 8b89837b508b276f3e322db6a6d3ab43
      size: 6052
    outs:
    - path: data/processed
      hash: md5
      md5: 690e409a6224037df37473291a942759.dir
      size: 801174
      nfiles: 2
  build_features:
    cmd: python src/features/build_features.py
    deps:
    - path: data/processed
      hash: md5
      md5: 690e409a6224037df37473291a942759.dir
      size: 801174
      nfiles: 2
    - path: src/features/build_features.py
      hash: md5
      md5: 75b3ac70d38c2a7231cecdf325660604
      size: 5127
    params:
      params.yaml:
        build_features.max_features: 50
    outs:
    - path: data/features
      hash: md5
      md5: d7d9740bba5b61f227cc2f43be42e7f2.dir
      size: 3261693
      nfiles: 2
  train_model:
    cmd: python src/models/train_model.py
    deps:
    - path: data/features
      hash: md5
      md5: d7d9740bba5b61f227cc2f43be42e7f2.dir
      size: 3261693
      nfiles: 2
    - path: src/models/train_model.py
      hash: md5
      md5: ce674ba6038c5fb1502560a5b11a8baf
      size: 3068
    params:
      params.yaml:
        train_model.learning_rate: 0.01
        train_model.n_estimators: 30
    outs:
    - path: models/gbc.pkl
      hash: md5
      md5: da8011fa44221275146f5e88a12ee239
      size: 43377
  predict_model:
    cmd: python src/models/predict_model.py
    deps:
    - path: models/gbc.pkl
      hash: md5
      md5: da8011fa44221275146f5e88a12ee239
      size: 43377
    - path: src/models/predict_model.py
      hash: md5
      md5: fd446cf6950d4c5447d74769a7ab5f55
      size: 3135
    outs:
    - path: reports/metrics.json
      hash: md5
      md5: b86445bf552d83505560d75b74f5ae5d
      size: 143
